
Microsoft Visual Studio Solution File, Format Version 12.00
# Visual Studio Version 17
VisualStudioVersion = 17.4.32804.182
MinimumVisualStudioVersion = 10.0.40219.1
Project("{9A19103F-16F7-4668-BE54-9A1E7A4F7556}") = "InputBridge", "..\InputBridge\InputBridge.csproj", "{A7711CB8-2016-4316-8624-1E529CCAD875}"
EndProject
Project("{9A19103F-16F7-4668-BE54-9A1E7A4F7556}") = "Autoquit.Foundation", "..\Autoquit.Foundation\Autoquit.Foundation.csproj", "{BD41ABD2-1109-44B2-A250-8C6E66BAF0A3}"
EndProject
Project("{9A19103F-16F7-4668-BE54-9A1E7A4F7556}") = "Autoquit2.Core", "..\Autoquit2.Core\Autoquit2.Core.csproj", "{5842DAEF-D443-4E88-9610-8C4B2A0F948B}"
EndProject
Project("{9A19103F-16F7-4668-BE54-9A1E7A4F7556}") = "Autoquit.Standard", "..\Autoquit.Standard\Autoquit.Standard.csproj", "{47AC74CC-1891-4BCD-A792-D00261D3FD96}"
EndProject
Project("{2150E333-8FDC-42A3-9474-1A3956D46DE8}") = "Tests", "Tests", "{4780E152-BF64-4613-B948-E03F590C6DE8}"
EndProject
Project("{9A19103F-16F7-4668-BE54-9A1E7A4F7556}") = "Autoquit.Standard.Tests", "..\Autoquit.Standard.Tests\Autoquit.Standard.Tests.csproj", "{410D6173-8C11-432F-B77F-6F9266FD8DB5}"
EndProject
Project("{9A19103F-16F7-4668-BE54-9A1E7A4F7556}") = "Autoquit.DynamicModules", "..\Autoquit.DynamicModule\Autoquit.DynamicModules.csproj", "{D56280C9-C8B8-4061-9085-01B0AF4103D0}"
EndProject
Project("{9A19103F-16F7-4668-BE54-9A1E7A4F7556}") = "Autoquit.Core.Tests", "..\Autoquit.Core.Tests\Autoquit.Core.Tests.csproj", "{A26AFA8C-56C7-425B-B598-7CB4C89654C1}"
EndProject
Project("{9A19103F-16F7-4668-BE54-9A1E7A4F7556}") = "Autoquit.TestBase", "..\Autoquit.TestBase\Autoquit.TestBase.csproj", "{29806CAA-AADF-4518-A9D4-0FF47F7C78F4}"
EndProject
Project("{9A19103F-16F7-4668-BE54-9A1E7A4F7556}") = "InputBridge.Automation", "..\InputBridge.Automation\InputBridge.Automation.csproj", "{5E05B63B-1BBE-4FFF-821B-56C241A48485}"
EndProject
Project("{9A19103F-16F7-4668-BE54-9A1E7A4F7556}") = "Autoquit.Packaging", "..\Autoquit.Packaging\Autoquit.Packaging.csproj", "{5A3B9C34-C090-4C23-9CCD-59CC09911656}"
EndProject
Project("{9A19103F-16F7-4668-BE54-9A1E7A4F7556}") = "Autoquit.Image", "..\Autoquit.Image\Autoquit.Image.csproj", "{281451E1-216C-49A9-8B0E-C72510DA0C7A}"
EndProject
Project("{2150E333-8FDC-42A3-9474-1A3956D46DE8}") = "Builder", "Builder", "{5BEB1D0A-3724-4641-913E-D3278028422B}"
EndProject
Project("{9A19103F-16F7-4668-BE54-9A1E7A4F7556}") = "Autoquit.Packaging.Builder", "..\Autoquit.Packaging.Builder\Autoquit.Packaging.Builder.csproj", "{4EAB53ED-BA4B-4182-BF9C-8D5E82C1074A}"
EndProject
Project("{9A19103F-16F7-4668-BE54-9A1E7A4F7556}") = "Autoquit", "..\Autoquit.App\Autoquit.csproj", "{0DB9C2B7-2DCB-4D54-A938-356703065295}"
EndProject
Global
	GlobalSection(SolutionConfigurationPlatforms) = preSolution
		Debug|Any CPU = Debug|Any CPU
		Debug|x64 = Debug|x64
		Debug|x86 = Debug|x86
		DebugLinux|Any CPU = DebugLinux|Any CPU
		DebugLinux|x64 = DebugLinux|x64
		DebugLinux|x86 = DebugLinux|x86
		Debug-Win64|Any CPU = Debug-Win64|Any CPU
		Debug-Win64|x64 = Debug-Win64|x64
		Debug-Win64|x86 = Debug-Win64|x86
		Release|Any CPU = Release|Any CPU
		Release|x64 = Release|x64
		Release|x86 = Release|x86
		Release-Win64|Any CPU = Release-Win64|Any CPU
		Release-Win64|x64 = Release-Win64|x64
		Release-Win64|x86 = Release-Win64|x86
	EndGlobalSection
	GlobalSection(ProjectConfigurationPlatforms) = postSolution
		{A7711CB8-2016-4316-8624-1E529CCAD875}.Debug|Any CPU.ActiveCfg = Debug|Any CPU
		{A7711CB8-2016-4316-8624-1E529CCAD875}.Debug|Any CPU.Build.0 = Debug|Any CPU
		{A7711CB8-2016-4316-8624-1E529CCAD875}.Debug|x64.ActiveCfg = Debug|x64
		{A7711CB8-2016-4316-8624-1E529CCAD875}.Debug|x64.Build.0 = Debug|x64
		{A7711CB8-2016-4316-8624-1E529CCAD875}.Debug|x86.ActiveCfg = Debug|x86
		{A7711CB8-2016-4316-8624-1E529CCAD875}.Debug|x86.Build.0 = Debug|x86
		{A7711CB8-2016-4316-8624-1E529CCAD875}.DebugLinux|Any CPU.ActiveCfg = DebugLinux|Any CPU
		{A7711CB8-2016-4316-8624-1E529CCAD875}.DebugLinux|Any CPU.Build.0 = DebugLinux|Any CPU
		{A7711CB8-2016-4316-8624-1E529CCAD875}.DebugLinux|x64.ActiveCfg = DebugLinux|x64
		{A7711CB8-2016-4316-8624-1E529CCAD875}.DebugLinux|x64.Build.0 = DebugLinux|x64
		{A7711CB8-2016-4316-8624-1E529CCAD875}.DebugLinux|x86.ActiveCfg = DebugLinux|x86
		{A7711CB8-2016-4316-8624-1E529CCAD875}.DebugLinux|x86.Build.0 = DebugLinux|x86
		{A7711CB8-2016-4316-8624-1E529CCAD875}.Debug-Win64|Any CPU.ActiveCfg = DebugWinx64|Any CPU
		{A7711CB8-2016-4316-8624-1E529CCAD875}.Debug-Win64|Any CPU.Build.0 = DebugWinx64|Any CPU
		{A7711CB8-2016-4316-8624-1E529CCAD875}.Debug-Win64|x64.ActiveCfg = Debug-Win64|x64
		{A7711CB8-2016-4316-8624-1E529CCAD875}.Debug-Win64|x64.Build.0 = Debug-Win64|x64
		{A7711CB8-2016-4316-8624-1E529CCAD875}.Debug-Win64|x86.ActiveCfg = DebugWinx64|x86
		{A7711CB8-2016-4316-8624-1E529CCAD875}.Debug-Win64|x86.Build.0 = DebugWinx64|x86
		{A7711CB8-2016-4316-8624-1E529CCAD875}.Release|Any CPU.ActiveCfg = Release|Any CPU
		{A7711CB8-2016-4316-8624-1E529CCAD875}.Release|Any CPU.Build.0 = Release|Any CPU
		{A7711CB8-2016-4316-8624-1E529CCAD875}.Release|x64.ActiveCfg = Release|x64
		{A7711CB8-2016-4316-8624-1E529CCAD875}.Release|x64.Build.0 = Release|x64
		{A7711CB8-2016-4316-8624-1E529CCAD875}.Release|x86.ActiveCfg = Release|x86
		{A7711CB8-2016-4316-8624-1E529CCAD875}.Release|x86.Build.0 = Release|x86
		{A7711CB8-2016-4316-8624-1E529CCAD875}.Release-Win64|Any CPU.ActiveCfg = Release|Any CPU
		{A7711CB8-2016-4316-8624-1E529CCAD875}.Release-Win64|Any CPU.Build.0 = Release|Any CPU
		{A7711CB8-2016-4316-8624-1E529CCAD875}.Release-Win64|x64.ActiveCfg = Release|x64
		{A7711CB8-2016-4316-8624-1E529CCAD875}.Release-Win64|x64.Build.0 = Release|x64
		{A7711CB8-2016-4316-8624-1E529CCAD875}.Release-Win64|x86.ActiveCfg = Release|x86
		{A7711CB8-2016-4316-8624-1E529CCAD875}.Release-Win64|x86.Build.0 = Release|x86
		{BD41ABD2-1109-44B2-A250-8C6E66BAF0A3}.Debug|Any CPU.ActiveCfg = Debug|Any CPU
		{BD41ABD2-1109-44B2-A250-8C6E66BAF0A3}.Debug|Any CPU.Build.0 = Debug|Any CPU
		{BD41ABD2-1109-44B2-A250-8C6E66BAF0A3}.Debug|x64.ActiveCfg = Debug|Any CPU
		{BD41ABD2-1109-44B2-A250-8C6E66BAF0A3}.Debug|x64.Build.0 = Debug|Any CPU
		{BD41ABD2-1109-44B2-A250-8C6E66BAF0A3}.Debug|x86.ActiveCfg = Debug|x86
		{BD41ABD2-1109-44B2-A250-8C6E66BAF0A3}.Debug|x86.Build.0 = Debug|x86
		{BD41ABD2-1109-44B2-A250-8C6E66BAF0A3}.DebugLinux|Any CPU.ActiveCfg = Debug|Any CPU
		{BD41ABD2-1109-44B2-A250-8C6E66BAF0A3}.DebugLinux|Any CPU.Build.0 = Debug|Any CPU
		{BD41ABD2-1109-44B2-A250-8C6E66BAF0A3}.DebugLinux|x64.ActiveCfg = Debug|Any CPU
		{BD41ABD2-1109-44B2-A250-8C6E66BAF0A3}.DebugLinux|x64.Build.0 = Debug|Any CPU
		{BD41ABD2-1109-44B2-A250-8C6E66BAF0A3}.DebugLinux|x86.ActiveCfg = DebugWinx86|x86
		{BD41ABD2-1109-44B2-A250-8C6E66BAF0A3}.DebugLinux|x86.Build.0 = DebugWinx86|x86
		{BD41ABD2-1109-44B2-A250-8C6E66BAF0A3}.Debug-Win64|Any CPU.ActiveCfg = Debug|Any CPU
		{BD41ABD2-1109-44B2-A250-8C6E66BAF0A3}.Debug-Win64|Any CPU.Build.0 = Debug|Any CPU
		{BD41ABD2-1109-44B2-A250-8C6E66BAF0A3}.Debug-Win64|x64.ActiveCfg = Debug|Any CPU
		{BD41ABD2-1109-44B2-A250-8C6E66BAF0A3}.Debug-Win64|x64.Build.0 = Debug|Any CPU
		{BD41ABD2-1109-44B2-A250-8C6E66BAF0A3}.Debug-Win64|x86.ActiveCfg = DebugWinx86|x86
		{BD41ABD2-1109-44B2-A250-8C6E66BAF0A3}.Debug-Win64|x86.Build.0 = DebugWinx86|x86
		{BD41ABD2-1109-44B2-A250-8C6E66BAF0A3}.Release|Any CPU.ActiveCfg = Release|Any CPU
		{BD41ABD2-1109-44B2-A250-8C6E66BAF0A3}.Release|Any CPU.Build.0 = Release|Any CPU
		{BD41ABD2-1109-44B2-A250-8C6E66BAF0A3}.Release|x64.ActiveCfg = Release|Any CPU
		{BD41ABD2-1109-44B2-A250-8C6E66BAF0A3}.Release|x64.Build.0 = Release|Any CPU
		{BD41ABD2-1109-44B2-A250-8C6E66BAF0A3}.Release|x86.ActiveCfg = Release|x86
		{BD41ABD2-1109-44B2-A250-8C6E66BAF0A3}.Release|x86.Build.0 = Release|x86
		{BD41ABD2-1109-44B2-A250-8C6E66BAF0A3}.Release-Win64|Any CPU.ActiveCfg = Release|Any CPU
		{BD41ABD2-1109-44B2-A250-8C6E66BAF0A3}.Release-Win64|Any CPU.Build.0 = Release|Any CPU
		{BD41ABD2-1109-44B2-A250-8C6E66BAF0A3}.Release-Win64|x64.ActiveCfg = Release|Any CPU
		{BD41ABD2-1109-44B2-A250-8C6E66BAF0A3}.Release-Win64|x64.Build.0 = Release|Any CPU
		{BD41ABD2-1109-44B2-A250-8C6E66BAF0A3}.Release-Win64|x86.ActiveCfg = Release|x86
		{BD41ABD2-1109-44B2-A250-8C6E66BAF0A3}.Release-Win64|x86.Build.0 = Release|x86
		{5842DAEF-D443-4E88-9610-8C4B2A0F948B}.Debug|Any CPU.ActiveCfg = Debug|Any CPU
		{5842DAEF-D443-4E88-9610-8C4B2A0F948B}.Debug|Any CPU.Build.0 = Debug|Any CPU
		{5842DAEF-D443-4E88-9610-8C4B2A0F948B}.Debug|x64.ActiveCfg = Debug|Any CPU
		{5842DAEF-D443-4E88-9610-8C4B2A0F948B}.Debug|x64.Build.0 = Debug|Any CPU
		{5842DAEF-D443-4E88-9610-8C4B2A0F948B}.Debug|x86.ActiveCfg = Debug|Any CPU
		{5842DAEF-D443-4E88-9610-8C4B2A0F948B}.Debug|x86.Build.0 = Debug|Any CPU
		{5842DAEF-D443-4E88-9610-8C4B2A0F948B}.DebugLinux|Any CPU.ActiveCfg = Debug|Any CPU
		{5842DAEF-D443-4E88-9610-8C4B2A0F948B}.DebugLinux|Any CPU.Build.0 = Debug|Any CPU
		{5842DAEF-D443-4E88-9610-8C4B2A0F948B}.DebugLinux|x64.ActiveCfg = Debug|Any CPU
		{5842DAEF-D443-4E88-9610-8C4B2A0F948B}.DebugLinux|x64.Build.0 = Debug|Any CPU
		{5842DAEF-D443-4E88-9610-8C4B2A0F948B}.DebugLinux|x86.ActiveCfg = Debug|Any CPU
		{5842DAEF-D443-4E88-9610-8C4B2A0F948B}.DebugLinux|x86.Build.0 = Debug|Any CPU
		{5842DAEF-D443-4E88-9610-8C4B2A0F948B}.Debug-Win64|Any CPU.ActiveCfg = Debug|Any CPU
		{5842DAEF-D443-4E88-9610-8C4B2A0F948B}.Debug-Win64|Any CPU.Build.0 = Debug|Any CPU
		{5842DAEF-D443-4E88-9610-8C4B2A0F948B}.Debug-Win64|x64.ActiveCfg = Debug-Win64|x64
		{5842DAEF-D443-4E88-9610-8C4B2A0F948B}.Debug-Win64|x64.Build.0 = Debug-Win64|x64
		{5842DAEF-D443-4E88-9610-8C4B2A0F948B}.Debug-Win64|x86.ActiveCfg = Debug|Any CPU
		{5842DAEF-D443-4E88-9610-8C4B2A0F948B}.Debug-Win64|x86.Build.0 = Debug|Any CPU
		{5842DAEF-D443-4E88-9610-8C4B2A0F948B}.Release|Any CPU.ActiveCfg = Release|Any CPU
		{5842DAEF-D443-4E88-9610-8C4B2A0F948B}.Release|Any CPU.Build.0 = Release|Any CPU
		{5842DAEF-D443-4E88-9610-8C4B2A0F948B}.Release|x64.ActiveCfg = Release|Any CPU
		{5842DAEF-D443-4E88-9610-8C4B2A0F948B}.Release|x64.Build.0 = Release|Any CPU
		{5842DAEF-D443-4E88-9610-8C4B2A0F948B}.Release|x86.ActiveCfg = Release|Any CPU
		{5842DAEF-D443-4E88-9610-8C4B2A0F948B}.Release|x86.Build.0 = Release|Any CPU
		{5842DAEF-D443-4E88-9610-8C4B2A0F948B}.Release-Win64|Any CPU.ActiveCfg = Release|Any CPU
		{5842DAEF-D443-4E88-9610-8C4B2A0F948B}.Release-Win64|Any CPU.Build.0 = Release|Any CPU
		{5842DAEF-D443-4E88-9610-8C4B2A0F948B}.Release-Win64|x64.ActiveCfg = Debug-Win64|Any CPU
		{5842DAEF-D443-4E88-9610-8C4B2A0F948B}.Release-Win64|x64.Build.0 = Debug-Win64|Any CPU
		{5842DAEF-D443-4E88-9610-8C4B2A0F948B}.Release-Win64|x86.ActiveCfg = Release|Any CPU
		{5842DAEF-D443-4E88-9610-8C4B2A0F948B}.Release-Win64|x86.Build.0 = Release|Any CPU
		{47AC74CC-1891-4BCD-A792-D00261D3FD96}.Debug|Any CPU.ActiveCfg = Debug|Any CPU
		{47AC74CC-1891-4BCD-A792-D00261D3FD96}.Debug|Any CPU.Build.0 = Debug|Any CPU
		{47AC74CC-1891-4BCD-A792-D00261D3FD96}.Debug|x64.ActiveCfg = Debug|Any CPU
		{47AC74CC-1891-4BCD-A792-D00261D3FD96}.Debug|x64.Build.0 = Debug|Any CPU
		{47AC74CC-1891-4BCD-A792-D00261D3FD96}.Debug|x86.ActiveCfg = Debug|Any CPU
		{47AC74CC-1891-4BCD-A792-D00261D3FD96}.Debug|x86.Build.0 = Debug|Any CPU
		{47AC74CC-1891-4BCD-A792-D00261D3FD96}.DebugLinux|Any CPU.ActiveCfg = Debug|Any CPU
		{47AC74CC-1891-4BCD-A792-D00261D3FD96}.DebugLinux|Any CPU.Build.0 = Debug|Any CPU
		{47AC74CC-1891-4BCD-A792-D00261D3FD96}.DebugLinux|x64.ActiveCfg = Debug|Any CPU
		{47AC74CC-1891-4BCD-A792-D00261D3FD96}.DebugLinux|x64.Build.0 = Debug|Any CPU
		{47AC74CC-1891-4BCD-A792-D00261D3FD96}.DebugLinux|x86.ActiveCfg = Debug|Any CPU
		{47AC74CC-1891-4BCD-A792-D00261D3FD96}.DebugLinux|x86.Build.0 = Debug|Any CPU
		{47AC74CC-1891-4BCD-A792-D00261D3FD96}.Debug-Win64|Any CPU.ActiveCfg = Debug|Any CPU
		{47AC74CC-1891-4BCD-A792-D00261D3FD96}.Debug-Win64|Any CPU.Build.0 = Debug|Any CPU
		{47AC74CC-1891-4BCD-A792-D00261D3FD96}.Debug-Win64|x64.ActiveCfg = Debug|Any CPU
		{47AC74CC-1891-4BCD-A792-D00261D3FD96}.Debug-Win64|x64.Build.0 = Debug|Any CPU
		{47AC74CC-1891-4BCD-A792-D00261D3FD96}.Debug-Win64|x86.ActiveCfg = Debug|Any CPU
		{47AC74CC-1891-4BCD-A792-D00261D3FD96}.Debug-Win64|x86.Build.0 = Debug|Any CPU
		{47AC74CC-1891-4BCD-A792-D00261D3FD96}.Release|Any CPU.ActiveCfg = Release|Any CPU
		{47AC74CC-1891-4BCD-A792-D00261D3FD96}.Release|Any CPU.Build.0 = Release|Any CPU
		{47AC74CC-1891-4BCD-A792-D00261D3FD96}.Release|x64.ActiveCfg = Release|Any CPU
		{47AC74CC-1891-4BCD-A792-D00261D3FD96}.Release|x64.Build.0 = Release|Any CPU
		{47AC74CC-1891-4BCD-A792-D00261D3FD96}.Release|x86.ActiveCfg = Release|Any CPU
		{47AC74CC-1891-4BCD-A792-D00261D3FD96}.Release|x86.Build.0 = Release|Any CPU
		{47AC74CC-1891-4BCD-A792-D00261D3FD96}.Release-Win64|Any CPU.ActiveCfg = Release|Any CPU
		{47AC74CC-1891-4BCD-A792-D00261D3FD96}.Release-Win64|Any CPU.Build.0 = Release|Any CPU
		{47AC74CC-1891-4BCD-A792-D00261D3FD96}.Release-Win64|x64.ActiveCfg = Release|Any CPU
		{47AC74CC-1891-4BCD-A792-D00261D3FD96}.Release-Win64|x64.Build.0 = Release|Any CPU
		{47AC74CC-1891-4BCD-A792-D00261D3FD96}.Release-Win64|x86.ActiveCfg = Release|Any CPU
		{47AC74CC-1891-4BCD-A792-D00261D3FD96}.Release-Win64|x86.Build.0 = Release|Any CPU
		{410D6173-8C11-432F-B77F-6F9266FD8DB5}.Debug|Any CPU.ActiveCfg = Debug|Any CPU
		{410D6173-8C11-432F-B77F-6F9266FD8DB5}.Debug|Any CPU.Build.0 = Debug|Any CPU
		{410D6173-8C11-432F-B77F-6F9266FD8DB5}.Debug|x64.ActiveCfg = Debug|Any CPU
		{410D6173-8C11-432F-B77F-6F9266FD8DB5}.Debug|x64.Build.0 = Debug|Any CPU
		{410D6173-8C11-432F-B77F-6F9266FD8DB5}.Debug|x86.ActiveCfg = Debug|Any CPU
		{410D6173-8C11-432F-B77F-6F9266FD8DB5}.Debug|x86.Build.0 = Debug|Any CPU
		{410D6173-8C11-432F-B77F-6F9266FD8DB5}.DebugLinux|Any CPU.ActiveCfg = Debug|Any CPU
		{410D6173-8C11-432F-B77F-6F9266FD8DB5}.DebugLinux|Any CPU.Build.0 = Debug|Any CPU
		{410D6173-8C11-432F-B77F-6F9266FD8DB5}.DebugLinux|x64.ActiveCfg = Debug|Any CPU
		{410D6173-8C11-432F-B77F-6F9266FD8DB5}.DebugLinux|x64.Build.0 = Debug|Any CPU
		{410D6173-8C11-432F-B77F-6F9266FD8DB5}.DebugLinux|x86.ActiveCfg = Debug|Any CPU
		{410D6173-8C11-432F-B77F-6F9266FD8DB5}.DebugLinux|x86.Build.0 = Debug|Any CPU
		{410D6173-8C11-432F-B77F-6F9266FD8DB5}.Debug-Win64|Any CPU.ActiveCfg = Debug|Any CPU
		{410D6173-8C11-432F-B77F-6F9266FD8DB5}.Debug-Win64|Any CPU.Build.0 = Debug|Any CPU
		{410D6173-8C11-432F-B77F-6F9266FD8DB5}.Debug-Win64|x64.ActiveCfg = Debug|Any CPU
		{410D6173-8C11-432F-B77F-6F9266FD8DB5}.Debug-Win64|x64.Build.0 = Debug|Any CPU
		{410D6173-8C11-432F-B77F-6F9266FD8DB5}.Debug-Win64|x86.ActiveCfg = Debug|Any CPU
		{410D6173-8C11-432F-B77F-6F9266FD8DB5}.Debug-Win64|x86.Build.0 = Debug|Any CPU
		{410D6173-8C11-432F-B77F-6F9266FD8DB5}.Release|Any CPU.ActiveCfg = Release|Any CPU
		{410D6173-8C11-432F-B77F-6F9266FD8DB5}.Release|Any CPU.Build.0 = Release|Any CPU
		{410D6173-8C11-432F-B77F-6F9266FD8DB5}.Release|x64.ActiveCfg = Release|Any CPU
		{410D6173-8C11-432F-B77F-6F9266FD8DB5}.Release|x64.Build.0 = Release|Any CPU
		{410D6173-8C11-432F-B77F-6F9266FD8DB5}.Release|x86.ActiveCfg = Release|Any CPU
		{410D6173-8C11-432F-B77F-6F9266FD8DB5}.Release|x86.Build.0 = Release|Any CPU
		{410D6173-8C11-432F-B77F-6F9266FD8DB5}.Release-Win64|Any CPU.ActiveCfg = Release|Any CPU
		{410D6173-8C11-432F-B77F-6F9266FD8DB5}.Release-Win64|Any CPU.Build.0 = Release|Any CPU
		{410D6173-8C11-432F-B77F-6F9266FD8DB5}.Release-Win64|x64.ActiveCfg = Release|Any CPU
		{410D6173-8C11-432F-B77F-6F9266FD8DB5}.Release-Win64|x64.Build.0 = Release|Any CPU
		{410D6173-8C11-432F-B77F-6F9266FD8DB5}.Release-Win64|x86.ActiveCfg = Release|Any CPU
		{410D6173-8C11-432F-B77F-6F9266FD8DB5}.Release-Win64|x86.Build.0 = Release|Any CPU
		{D56280C9-C8B8-4061-9085-01B0AF4103D0}.Debug|Any CPU.ActiveCfg = Debug|Any CPU
		{D56280C9-C8B8-4061-9085-01B0AF4103D0}.Debug|Any CPU.Build.0 = Debug|Any CPU
		{D56280C9-C8B8-4061-9085-01B0AF4103D0}.Debug|x64.ActiveCfg = Debug|Any CPU
		{D56280C9-C8B8-4061-9085-01B0AF4103D0}.Debug|x64.Build.0 = Debug|Any CPU
		{D56280C9-C8B8-4061-9085-01B0AF4103D0}.Debug|x86.ActiveCfg = Debug|Any CPU
		{D56280C9-C8B8-4061-9085-01B0AF4103D0}.Debug|x86.Build.0 = Debug|Any CPU
		{D56280C9-C8B8-4061-9085-01B0AF4103D0}.DebugLinux|Any CPU.ActiveCfg = Debug|Any CPU
		{D56280C9-C8B8-4061-9085-01B0AF4103D0}.DebugLinux|Any CPU.Build.0 = Debug|Any CPU
		{D56280C9-C8B8-4061-9085-01B0AF4103D0}.DebugLinux|x64.ActiveCfg = Debug|Any CPU
		{D56280C9-C8B8-4061-9085-01B0AF4103D0}.DebugLinux|x64.Build.0 = Debug|Any CPU
		{D56280C9-C8B8-4061-9085-01B0AF4103D0}.DebugLinux|x86.ActiveCfg = Debug|Any CPU
		{D56280C9-C8B8-4061-9085-01B0AF4103D0}.DebugLinux|x86.Build.0 = Debug|Any CPU
		{D56280C9-C8B8-4061-9085-01B0AF4103D0}.Debug-Win64|Any CPU.ActiveCfg = Debug|Any CPU
		{D56280C9-C8B8-4061-9085-01B0AF4103D0}.Debug-Win64|Any CPU.Build.0 = Debug|Any CPU
		{D56280C9-C8B8-4061-9085-01B0AF4103D0}.Debug-Win64|x64.ActiveCfg = Debug|Any CPU
		{D56280C9-C8B8-4061-9085-01B0AF4103D0}.Debug-Win64|x64.Build.0 = Debug|Any CPU
		{D56280C9-C8B8-4061-9085-01B0AF4103D0}.Debug-Win64|x86.ActiveCfg = Debug|Any CPU
		{D56280C9-C8B8-4061-9085-01B0AF4103D0}.Debug-Win64|x86.Build.0 = Debug|Any CPU
		{D56280C9-C8B8-4061-9085-01B0AF4103D0}.Release|Any CPU.ActiveCfg = Release|Any CPU
		{D56280C9-C8B8-4061-9085-01B0AF4103D0}.Release|Any CPU.Build.0 = Release|Any CPU
		{D56280C9-C8B8-4061-9085-01B0AF4103D0}.Release|x64.ActiveCfg = Release|Any CPU
		{D56280C9-C8B8-4061-9085-01B0AF4103D0}.Release|x64.Build.0 = Release|Any CPU
		{D56280C9-C8B8-4061-9085-01B0AF4103D0}.Release|x86.ActiveCfg = Release|Any CPU
		{D56280C9-C8B8-4061-9085-01B0AF4103D0}.Release|x86.Build.0 = Release|Any CPU
		{D56280C9-C8B8-4061-9085-01B0AF4103D0}.Release-Win64|Any CPU.ActiveCfg = Release|Any CPU
		{D56280C9-C8B8-4061-9085-01B0AF4103D0}.Release-Win64|Any CPU.Build.0 = Release|Any CPU
		{D56280C9-C8B8-4061-9085-01B0AF4103D0}.Release-Win64|x64.ActiveCfg = Release|Any CPU
		{D56280C9-C8B8-4061-9085-01B0AF4103D0}.Release-Win64|x64.Build.0 = Release|Any CPU
		{D56280C9-C8B8-4061-9085-01B0AF4103D0}.Release-Win64|x86.ActiveCfg = Release|Any CPU
		{D56280C9-C8B8-4061-9085-01B0AF4103D0}.Release-Win64|x86.Build.0 = Release|Any CPU
		{A26AFA8C-56C7-425B-B598-7CB4C89654C1}.Debug|Any CPU.ActiveCfg = Debug|Any CPU
		{A26AFA8C-56C7-425B-B598-7CB4C89654C1}.Debug|Any CPU.Build.0 = Debug|Any CPU
		{A26AFA8C-56C7-425B-B598-7CB4C89654C1}.Debug|x64.ActiveCfg = Debug|Any CPU
		{A26AFA8C-56C7-425B-B598-7CB4C89654C1}.Debug|x64.Build.0 = Debug|Any CPU
		{A26AFA8C-56C7-425B-B598-7CB4C89654C1}.Debug|x86.ActiveCfg = Debug|Any CPU
		{A26AFA8C-56C7-425B-B598-7CB4C89654C1}.Debug|x86.Build.0 = Debug|Any CPU
		{A26AFA8C-56C7-425B-B598-7CB4C89654C1}.DebugLinux|Any CPU.ActiveCfg = Debug|Any CPU
		{A26AFA8C-56C7-425B-B598-7CB4C89654C1}.DebugLinux|Any CPU.Build.0 = Debug|Any CPU
		{A26AFA8C-56C7-425B-B598-7CB4C89654C1}.DebugLinux|x64.ActiveCfg = Debug|Any CPU
		{A26AFA8C-56C7-425B-B598-7CB4C89654C1}.DebugLinux|x64.Build.0 = Debug|Any CPU
		{A26AFA8C-56C7-425B-B598-7CB4C89654C1}.DebugLinux|x86.ActiveCfg = Debug|Any CPU
		{A26AFA8C-56C7-425B-B598-7CB4C89654C1}.DebugLinux|x86.Build.0 = Debug|Any CPU
		{A26AFA8C-56C7-425B-B598-7CB4C89654C1}.Debug-Win64|Any CPU.ActiveCfg = Debug|Any CPU
		{A26AFA8C-56C7-425B-B598-7CB4C89654C1}.Debug-Win64|Any CPU.Build.0 = Debug|Any CPU
		{A26AFA8C-56C7-425B-B598-7CB4C89654C1}.Debug-Win64|x64.ActiveCfg = Debug|Any CPU
		{A26AFA8C-56C7-425B-B598-7CB4C89654C1}.Debug-Win64|x64.Build.0 = Debug|Any CPU
		{A26AFA8C-56C7-425B-B598-7CB4C89654C1}.Debug-Win64|x86.ActiveCfg = Debug|Any CPU
		{A26AFA8C-56C7-425B-B598-7CB4C89654C1}.Debug-Win64|x86.Build.0 = Debug|Any CPU
		{A26AFA8C-56C7-425B-B598-7CB4C89654C1}.Release|Any CPU.ActiveCfg = Release|Any CPU
		{A26AFA8C-56C7-425B-B598-7CB4C89654C1}.Release|Any CPU.Build.0 = Release|Any CPU
		{A26AFA8C-56C7-425B-B598-7CB4C89654C1}.Release|x64.ActiveCfg = Release|Any CPU
		{A26AFA8C-56C7-425B-B598-7CB4C89654C1}.Release|x64.Build.0 = Release|Any CPU
		{A26AFA8C-56C7-425B-B598-7CB4C89654C1}.Release|x86.ActiveCfg = Release|Any CPU
		{A26AFA8C-56C7-425B-B598-7CB4C89654C1}.Release|x86.Build.0 = Release|Any CPU
		{A26AFA8C-56C7-425B-B598-7CB4C89654C1}.Release-Win64|Any CPU.ActiveCfg = Release|Any CPU
		{A26AFA8C-56C7-425B-B598-7CB4C89654C1}.Release-Win64|Any CPU.Build.0 = Release|Any CPU
		{A26AFA8C-56C7-425B-B598-7CB4C89654C1}.Release-Win64|x64.ActiveCfg = Release|Any CPU
		{A26AFA8C-56C7-425B-B598-7CB4C89654C1}.Release-Win64|x64.Build.0 = Release|Any CPU
		{A26AFA8C-56C7-425B-B598-7CB4C89654C1}.Release-Win64|x86.ActiveCfg = Release|Any CPU
		{A26AFA8C-56C7-425B-B598-7CB4C89654C1}.Release-Win64|x86.Build.0 = Release|Any CPU
		{29806CAA-AADF-4518-A9D4-0FF47F7C78F4}.Debug|Any CPU.ActiveCfg = Debug|Any CPU
		{29806CAA-AADF-4518-A9D4-0FF47F7C78F4}.Debug|Any CPU.Build.0 = Debug|Any CPU
		{29806CAA-AADF-4518-A9D4-0FF47F7C78F4}.Debug|x64.ActiveCfg = Debug|Any CPU
		{29806CAA-AADF-4518-A9D4-0FF47F7C78F4}.Debug|x64.Build.0 = Debug|Any CPU
		{29806CAA-AADF-4518-A9D4-0FF47F7C78F4}.Debug|x86.ActiveCfg = Debug|Any CPU
		{29806CAA-AADF-4518-A9D4-0FF47F7C78F4}.Debug|x86.Build.0 = Debug|Any CPU
		{29806CAA-AADF-4518-A9D4-0FF47F7C78F4}.DebugLinux|Any CPU.ActiveCfg = Debug|Any CPU
		{29806CAA-AADF-4518-A9D4-0FF47F7C78F4}.DebugLinux|Any CPU.Build.0 = Debug|Any CPU
		{29806CAA-AADF-4518-A9D4-0FF47F7C78F4}.DebugLinux|x64.ActiveCfg = Debug|Any CPU
		{29806CAA-AADF-4518-A9D4-0FF47F7C78F4}.DebugLinux|x64.Build.0 = Debug|Any CPU
		{29806CAA-AADF-4518-A9D4-0FF47F7C78F4}.DebugLinux|x86.ActiveCfg = Debug|Any CPU
		{29806CAA-AADF-4518-A9D4-0FF47F7C78F4}.DebugLinux|x86.Build.0 = Debug|Any CPU
		{29806CAA-AADF-4518-A9D4-0FF47F7C78F4}.Debug-Win64|Any CPU.ActiveCfg = Debug|Any CPU
		{29806CAA-AADF-4518-A9D4-0FF47F7C78F4}.Debug-Win64|Any CPU.Build.0 = Debug|Any CPU
		{29806CAA-AADF-4518-A9D4-0FF47F7C78F4}.Debug-Win64|x64.ActiveCfg = Debug|Any CPU
		{29806CAA-AADF-4518-A9D4-0FF47F7C78F4}.Debug-Win64|x64.Build.0 = Debug|Any CPU
		{29806CAA-AADF-4518-A9D4-0FF47F7C78F4}.Debug-Win64|x86.ActiveCfg = Debug|Any CPU
		{29806CAA-AADF-4518-A9D4-0FF47F7C78F4}.Debug-Win64|x86.Build.0 = Debug|Any CPU
		{29806CAA-AADF-4518-A9D4-0FF47F7C78F4}.Release|Any CPU.ActiveCfg = Release|Any CPU
		{29806CAA-AADF-4518-A9D4-0FF47F7C78F4}.Release|Any CPU.Build.0 = Release|Any CPU
		{29806CAA-AADF-4518-A9D4-0FF47F7C78F4}.Release|x64.ActiveCfg = Release|Any CPU
		{29806CAA-AADF-4518-A9D4-0FF47F7C78F4}.Release|x64.Build.0 = Release|Any CPU
		{29806CAA-AADF-4518-A9D4-0FF47F7C78F4}.Release|x86.ActiveCfg = Release|Any CPU
		{29806CAA-AADF-4518-A9D4-0FF47F7C78F4}.Release|x86.Build.0 = Release|Any CPU
		{29806CAA-AADF-4518-A9D4-0FF47F7C78F4}.Release-Win64|Any CPU.ActiveCfg = Release|Any CPU
		{29806CAA-AADF-4518-A9D4-0FF47F7C78F4}.Release-Win64|Any CPU.Build.0 = Release|Any CPU
		{29806CAA-AADF-4518-A9D4-0FF47F7C78F4}.Release-Win64|x64.ActiveCfg = Release|Any CPU
		{29806CAA-AADF-4518-A9D4-0FF47F7C78F4}.Release-Win64|x64.Build.0 = Release|Any CPU
		{29806CAA-AADF-4518-A9D4-0FF47F7C78F4}.Release-Win64|x86.ActiveCfg = Release|Any CPU
		{29806CAA-AADF-4518-A9D4-0FF47F7C78F4}.Release-Win64|x86.Build.0 = Release|Any CPU
		{5E05B63B-1BBE-4FFF-821B-56C241A48485}.Debug|Any CPU.ActiveCfg = Debug|Any CPU
		{5E05B63B-1BBE-4FFF-821B-56C241A48485}.Debug|Any CPU.Build.0 = Debug|Any CPU
		{5E05B63B-1BBE-4FFF-821B-56C241A48485}.Debug|x64.ActiveCfg = Debug|Any CPU
		{5E05B63B-1BBE-4FFF-821B-56C241A48485}.Debug|x64.Build.0 = Debug|Any CPU
		{5E05B63B-1BBE-4FFF-821B-56C241A48485}.Debug|x86.ActiveCfg = Debug|Any CPU
		{5E05B63B-1BBE-4FFF-821B-56C241A48485}.Debug|x86.Build.0 = Debug|Any CPU
		{5E05B63B-1BBE-4FFF-821B-56C241A48485}.DebugLinux|Any CPU.ActiveCfg = Debug|Any CPU
		{5E05B63B-1BBE-4FFF-821B-56C241A48485}.DebugLinux|Any CPU.Build.0 = Debug|Any CPU
		{5E05B63B-1BBE-4FFF-821B-56C241A48485}.DebugLinux|x64.ActiveCfg = Debug|Any CPU
		{5E05B63B-1BBE-4FFF-821B-56C241A48485}.DebugLinux|x64.Build.0 = Debug|Any CPU
		{5E05B63B-1BBE-4FFF-821B-56C241A48485}.DebugLinux|x86.ActiveCfg = Debug|Any CPU
		{5E05B63B-1BBE-4FFF-821B-56C241A48485}.DebugLinux|x86.Build.0 = Debug|Any CPU
		{5E05B63B-1BBE-4FFF-821B-56C241A48485}.Debug-Win64|Any CPU.ActiveCfg = Debug|Any CPU
		{5E05B63B-1BBE-4FFF-821B-56C241A48485}.Debug-Win64|Any CPU.Build.0 = Debug|Any CPU
		{5E05B63B-1BBE-4FFF-821B-56C241A48485}.Debug-Win64|x64.ActiveCfg = Debug|Any CPU
		{5E05B63B-1BBE-4FFF-821B-56C241A48485}.Debug-Win64|x64.Build.0 = Debug|Any CPU
		{5E05B63B-1BBE-4FFF-821B-56C241A48485}.Debug-Win64|x86.ActiveCfg = Debug|Any CPU
		{5E05B63B-1BBE-4FFF-821B-56C241A48485}.Debug-Win64|x86.Build.0 = Debug|Any CPU
		{5E05B63B-1BBE-4FFF-821B-56C241A48485}.Release|Any CPU.ActiveCfg = Release|Any CPU
		{5E05B63B-1BBE-4FFF-821B-56C241A48485}.Release|Any CPU.Build.0 = Release|Any CPU
		{5E05B63B-1BBE-4FFF-821B-56C241A48485}.Release|x64.ActiveCfg = Release|Any CPU
		{5E05B63B-1BBE-4FFF-821B-56C241A48485}.Release|x64.Build.0 = Release|Any CPU
		{5E05B63B-1BBE-4FFF-821B-56C241A48485}.Release|x86.ActiveCfg = Release|Any CPU
		{5E05B63B-1BBE-4FFF-821B-56C241A48485}.Release|x86.Build.0 = Release|Any CPU
		{5E05B63B-1BBE-4FFF-821B-56C241A48485}.Release-Win64|Any CPU.ActiveCfg = Release|Any CPU
		{5E05B63B-1BBE-4FFF-821B-56C241A48485}.Release-Win64|Any CPU.Build.0 = Release|Any CPU
		{5E05B63B-1BBE-4FFF-821B-56C241A48485}.Release-Win64|x64.ActiveCfg = Release|Any CPU
		{5E05B63B-1BBE-4FFF-821B-56C241A48485}.Release-Win64|x64.Build.0 = Release|Any CPU
		{5E05B63B-1BBE-4FFF-821B-56C241A48485}.Release-Win64|x86.ActiveCfg = Release|Any CPU
		{5E05B63B-1BBE-4FFF-821B-56C241A48485}.Release-Win64|x86.Build.0 = Release|Any CPU
		{5A3B9C34-C090-4C23-9CCD-59CC09911656}.Debug|Any CPU.ActiveCfg = Debug|Any CPU
		{5A3B9C34-C090-4C23-9CCD-59CC09911656}.Debug|Any CPU.Build.0 = Debug|Any CPU
		{5A3B9C34-C090-4C23-9CCD-59CC09911656}.Debug|x64.ActiveCfg = Debug|Any CPU
		{5A3B9C34-C090-4C23-9CCD-59CC09911656}.Debug|x64.Build.0 = Debug|Any CPU
		{5A3B9C34-C090-4C23-9CCD-59CC09911656}.Debug|x86.ActiveCfg = Debug|Any CPU
		{5A3B9C34-C090-4C23-9CCD-59CC09911656}.Debug|x86.Build.0 = Debug|Any CPU
		{5A3B9C34-C090-4C23-9CCD-59CC09911656}.DebugLinux|Any CPU.ActiveCfg = Debug|Any CPU
		{5A3B9C34-C090-4C23-9CCD-59CC09911656}.DebugLinux|Any CPU.Build.0 = Debug|Any CPU
		{5A3B9C34-C090-4C23-9CCD-59CC09911656}.DebugLinux|x64.ActiveCfg = Debug|Any CPU
		{5A3B9C34-C090-4C23-9CCD-59CC09911656}.DebugLinux|x64.Build.0 = Debug|Any CPU
		{5A3B9C34-C090-4C23-9CCD-59CC09911656}.DebugLinux|x86.ActiveCfg = Debug|Any CPU
		{5A3B9C34-C090-4C23-9CCD-59CC09911656}.DebugLinux|x86.Build.0 = Debug|Any CPU
		{5A3B9C34-C090-4C23-9CCD-59CC09911656}.Debug-Win64|Any CPU.ActiveCfg = Debug|Any CPU
		{5A3B9C34-C090-4C23-9CCD-59CC09911656}.Debug-Win64|Any CPU.Build.0 = Debug|Any CPU
		{5A3B9C34-C090-4C23-9CCD-59CC09911656}.Debug-Win64|x64.ActiveCfg = Debug|Any CPU
		{5A3B9C34-C090-4C23-9CCD-59CC09911656}.Debug-Win64|x64.Build.0 = Debug|Any CPU
		{5A3B9C34-C090-4C23-9CCD-59CC09911656}.Debug-Win64|x86.ActiveCfg = Debug|Any CPU
		{5A3B9C34-C090-4C23-9CCD-59CC09911656}.Debug-Win64|x86.Build.0 = Debug|Any CPU
		{5A3B9C34-C090-4C23-9CCD-59CC09911656}.Release|Any CPU.ActiveCfg = Release|Any CPU
		{5A3B9C34-C090-4C23-9CCD-59CC09911656}.Release|Any CPU.Build.0 = Release|Any CPU
		{5A3B9C34-C090-4C23-9CCD-59CC09911656}.Release|x64.ActiveCfg = Release|Any CPU
		{5A3B9C34-C090-4C23-9CCD-59CC09911656}.Release|x64.Build.0 = Release|Any CPU
		{5A3B9C34-C090-4C23-9CCD-59CC09911656}.Release|x86.ActiveCfg = Release|Any CPU
		{5A3B9C34-C090-4C23-9CCD-59CC09911656}.Release|x86.Build.0 = Release|Any CPU
		{5A3B9C34-C090-4C23-9CCD-59CC09911656}.Release-Win64|Any CPU.ActiveCfg = Release|Any CPU
		{5A3B9C34-C090-4C23-9CCD-59CC09911656}.Release-Win64|Any CPU.Build.0 = Release|Any CPU
		{5A3B9C34-C090-4C23-9CCD-59CC09911656}.Release-Win64|x64.ActiveCfg = Release|Any CPU
		{5A3B9C34-C090-4C23-9CCD-59CC09911656}.Release-Win64|x64.Build.0 = Release|Any CPU
		{5A3B9C34-C090-4C23-9CCD-59CC09911656}.Release-Win64|x86.ActiveCfg = Release|Any CPU
		{5A3B9C34-C090-4C23-9CCD-59CC09911656}.Release-Win64|x86.Build.0 = Release|Any CPU
		{281451E1-216C-49A9-8B0E-C72510DA0C7A}.Debug|Any CPU.ActiveCfg = Debug|Any CPU
		{281451E1-216C-49A9-8B0E-C72510DA0C7A}.Debug|Any CPU.Build.0 = Debug|Any CPU
		{281451E1-216C-49A9-8B0E-C72510DA0C7A}.Debug|x64.ActiveCfg = Debug|Any CPU
		{281451E1-216C-49A9-8B0E-C72510DA0C7A}.Debug|x64.Build.0 = Debug|Any CPU
		{281451E1-216C-49A9-8B0E-C72510DA0C7A}.Debug|x86.ActiveCfg = Debug|Any CPU
		{281451E1-216C-49A9-8B0E-C72510DA0C7A}.Debug|x86.Build.0 = Debug|Any CPU
		{281451E1-216C-49A9-8B0E-C72510DA0C7A}.DebugLinux|Any CPU.ActiveCfg = Debug|Any CPU
		{281451E1-216C-49A9-8B0E-C72510DA0C7A}.DebugLinux|Any CPU.Build.0 = Debug|Any CPU
		{281451E1-216C-49A9-8B0E-C72510DA0C7A}.DebugLinux|x64.ActiveCfg = Debug|Any CPU
		{281451E1-216C-49A9-8B0E-C72510DA0C7A}.DebugLinux|x64.Build.0 = Debug|Any CPU
		{281451E1-216C-49A9-8B0E-C72510DA0C7A}.DebugLinux|x86.ActiveCfg = Debug|Any CPU
		{281451E1-216C-49A9-8B0E-C72510DA0C7A}.DebugLinux|x86.Build.0 = Debug|Any CPU
		{281451E1-216C-49A9-8B0E-C72510DA0C7A}.Debug-Win64|Any CPU.ActiveCfg = Debug|Any CPU
		{281451E1-216C-49A9-8B0E-C72510DA0C7A}.Debug-Win64|Any CPU.Build.0 = Debug|Any CPU
		{281451E1-216C-49A9-8B0E-C72510DA0C7A}.Debug-Win64|x64.ActiveCfg = Debug|Any CPU
		{281451E1-216C-49A9-8B0E-C72510DA0C7A}.Debug-Win64|x64.Build.0 = Debug|Any CPU
		{281451E1-216C-49A9-8B0E-C72510DA0C7A}.Debug-Win64|x86.ActiveCfg = Debug|Any CPU
		{281451E1-216C-49A9-8B0E-C72510DA0C7A}.Debug-Win64|x86.Build.0 = Debug|Any CPU
		{281451E1-216C-49A9-8B0E-C72510DA0C7A}.Release|Any CPU.ActiveCfg = Release|Any CPU
		{281451E1-216C-49A9-8B0E-C72510DA0C7A}.Release|Any CPU.Build.0 = Release|Any CPU
		{281451E1-216C-49A9-8B0E-C72510DA0C7A}.Release|x64.ActiveCfg = Release|Any CPU
		{281451E1-216C-49A9-8B0E-C72510DA0C7A}.Release|x64.Build.0 = Release|Any CPU
		{281451E1-216C-49A9-8B0E-C72510DA0C7A}.Release|x86.ActiveCfg = Release|Any CPU
		{281451E1-216C-49A9-8B0E-C72510DA0C7A}.Release|x86.Build.0 = Release|Any CPU
		{281451E1-216C-49A9-8B0E-C72510DA0C7A}.Release-Win64|Any CPU.ActiveCfg = Release|Any CPU
		{281451E1-216C-49A9-8B0E-C72510DA0C7A}.Release-Win64|Any CPU.Build.0 = Release|Any CPU
		{281451E1-216C-49A9-8B0E-C72510DA0C7A}.Release-Win64|x64.ActiveCfg = Release|Any CPU
		{281451E1-216C-49A9-8B0E-C72510DA0C7A}.Release-Win64|x64.Build.0 = Release|Any CPU
		{281451E1-216C-49A9-8B0E-C72510DA0C7A}.Release-Win64|x86.ActiveCfg = Release|Any CPU
		{281451E1-216C-49A9-8B0E-C72510DA0C7A}.Release-Win64|x86.Build.0 = Release|Any CPU
		{4EAB53ED-BA4B-4182-BF9C-8D5E82C1074A}.Debug|Any CPU.ActiveCfg = Debug|Any CPU
		{4EAB53ED-BA4B-4182-BF9C-8D5E82C1074A}.Debug|Any CPU.Build.0 = Debug|Any CPU
		{4EAB53ED-BA4B-4182-BF9C-8D5E82C1074A}.Debug|x64.ActiveCfg = Debug|Any CPU
		{4EAB53ED-BA4B-4182-BF9C-8D5E82C1074A}.Debug|x64.Build.0 = Debug|Any CPU
		{4EAB53ED-BA4B-4182-BF9C-8D5E82C1074A}.Debug|x86.ActiveCfg = Debug|Any CPU
		{4EAB53ED-BA4B-4182-BF9C-8D5E82C1074A}.Debug|x86.Build.0 = Debug|Any CPU
		{4EAB53ED-BA4B-4182-BF9C-8D5E82C1074A}.DebugLinux|Any CPU.ActiveCfg = Debug|Any CPU
		{4EAB53ED-BA4B-4182-BF9C-8D5E82C1074A}.DebugLinux|Any CPU.Build.0 = Debug|Any CPU
		{4EAB53ED-BA4B-4182-BF9C-8D5E82C1074A}.DebugLinux|x64.ActiveCfg = Debug|Any CPU
		{4EAB53ED-BA4B-4182-BF9C-8D5E82C1074A}.DebugLinux|x64.Build.0 = Debug|Any CPU
		{4EAB53ED-BA4B-4182-BF9C-8D5E82C1074A}.DebugLinux|x86.ActiveCfg = Debug|Any CPU
		{4EAB53ED-BA4B-4182-BF9C-8D5E82C1074A}.DebugLinux|x86.Build.0 = Debug|Any CPU
		{4EAB53ED-BA4B-4182-BF9C-8D5E82C1074A}.Debug-Win64|Any CPU.ActiveCfg = Debug|Any CPU
		{4EAB53ED-BA4B-4182-BF9C-8D5E82C1074A}.Debug-Win64|Any CPU.Build.0 = Debug|Any CPU
		{4EAB53ED-BA4B-4182-BF9C-8D5E82C1074A}.Debug-Win64|x64.ActiveCfg = Debug|Any CPU
		{4EAB53ED-BA4B-4182-BF9C-8D5E82C1074A}.Debug-Win64|x64.Build.0 = Debug|Any CPU
		{4EAB53ED-BA4B-4182-BF9C-8D5E82C1074A}.Debug-Win64|x86.ActiveCfg = Debug|Any CPU
		{4EAB53ED-BA4B-4182-BF9C-8D5E82C1074A}.Debug-Win64|x86.Build.0 = Debug|Any CPU
		{4EAB53ED-BA4B-4182-BF9C-8D5E82C1074A}.Release|Any CPU.ActiveCfg = Release|Any CPU
		{4EAB53ED-BA4B-4182-BF9C-8D5E82C1074A}.Release|Any CPU.Build.0 = Release|Any CPU
		{4EAB53ED-BA4B-4182-BF9C-8D5E82C1074A}.Release|x64.ActiveCfg = Release|Any CPU
		{4EAB53ED-BA4B-4182-BF9C-8D5E82C1074A}.Release|x64.Build.0 = Release|Any CPU
		{4EAB53ED-BA4B-4182-BF9C-8D5E82C1074A}.Release|x86.ActiveCfg = Release|Any CPU
		{4EAB53ED-BA4B-4182-BF9C-8D5E82C1074A}.Release|x86.Build.0 = Release|Any CPU
		{4EAB53ED-BA4B-4182-BF9C-8D5E82C1074A}.Release-Win64|Any CPU.ActiveCfg = Release|Any CPU
		{4EAB53ED-BA4B-4182-BF9C-8D5E82C1074A}.Release-Win64|Any CPU.Build.0 = Release|Any CPU
		{4EAB53ED-BA4B-4182-BF9C-8D5E82C1074A}.Release-Win64|x64.ActiveCfg = Release|Any CPU
		{4EAB53ED-BA4B-4182-BF9C-8D5E82C1074A}.Release-Win64|x64.Build.0 = Release|Any CPU
		{4EAB53ED-BA4B-4182-BF9C-8D5E82C1074A}.Release-Win64|x86.ActiveCfg = Release|Any CPU
		{4EAB53ED-BA4B-4182-BF9C-8D5E82C1074A}.Release-Win64|x86.Build.0 = Release|Any CPU
		{0DB9C2B7-2DCB-4D54-A938-356703065295}.Debug|Any CPU.ActiveCfg = Debug|Any CPU
		{0DB9C2B7-2DCB-4D54-A938-356703065295}.Debug|Any CPU.Build.0 = Debug|Any CPU
		{0DB9C2B7-2DCB-4D54-A938-356703065295}.Debug|x64.ActiveCfg = Debug|Any CPU
		{0DB9C2B7-2DCB-4D54-A938-356703065295}.Debug|x64.Build.0 = Debug|Any CPU
		{0DB9C2B7-2DCB-4D54-A938-356703065295}.Debug|x86.ActiveCfg = Debug|Any CPU
		{0DB9C2B7-2DCB-4D54-A938-356703065295}.Debug|x86.Build.0 = Debug|Any CPU
		{0DB9C2B7-2DCB-4D54-A938-356703065295}.DebugLinux|Any CPU.ActiveCfg = Debug|Any CPU
		{0DB9C2B7-2DCB-4D54-A938-356703065295}.DebugLinux|Any CPU.Build.0 = Debug|Any CPU
		{0DB9C2B7-2DCB-4D54-A938-356703065295}.DebugLinux|x64.ActiveCfg = Debug|Any CPU
		{0DB9C2B7-2DCB-4D54-A938-356703065295}.DebugLinux|x64.Build.0 = Debug|Any CPU
		{0DB9C2B7-2DCB-4D54-A938-356703065295}.DebugLinux|x86.ActiveCfg = Debug|Any CPU
		{0DB9C2B7-2DCB-4D54-A938-356703065295}.DebugLinux|x86.Build.0 = Debug|Any CPU
		{0DB9C2B7-2DCB-4D54-A938-356703065295}.Debug-Win64|Any CPU.ActiveCfg = Debug|Any CPU
		{0DB9C2B7-2DCB-4D54-A938-356703065295}.Debug-Win64|Any CPU.Build.0 = Debug|Any CPU
		{0DB9C2B7-2DCB-4D54-A938-356703065295}.Debug-Win64|x64.ActiveCfg = Debug-Win64|x64
		{0DB9C2B7-2DCB-4D54-A938-356703065295}.Debug-Win64|x64.Build.0 = Debug-Win64|x64
		{0DB9C2B7-2DCB-4D54-A938-356703065295}.Debug-Win64|x86.ActiveCfg = Debug|Any CPU
		{0DB9C2B7-2DCB-4D54-A938-356703065295}.Debug-Win64|x86.Build.0 = Debug|Any CPU
		{0DB9C2B7-2DCB-4D54-A938-356703065295}.Release|Any CPU.ActiveCfg = Release|Any CPU
		{0DB9C2B7-2DCB-4D54-A938-356703065295}.Release|Any CPU.Build.0 = Release|Any CPU
		{0DB9C2B7-2DCB-4D54-A938-356703065295}.Release|x64.ActiveCfg = Release|Any CPU
		{0DB9C2B7-2DCB-4D54-A938-356703065295}.Release|x64.Build.0 = Release|Any CPU
		{0DB9C2B7-2DCB-4D54-A938-356703065295}.Release|x86.ActiveCfg = Release|Any CPU
		{0DB9C2B7-2DCB-4D54-A938-356703065295}.Release|x86.Build.0 = Release|Any CPU
		{0DB9C2B7-2DCB-4D54-A938-356703065295}.Release-Win64|Any CPU.ActiveCfg = Release|Any CPU
		{0DB9C2B7-2DCB-4D54-A938-356703065295}.Release-Win64|Any CPU.Build.0 = Release|Any CPU
		{0DB9C2B7-2DCB-4D54-A938-356703065295}.Release-Win64|x64.ActiveCfg = Release|Any CPU
		{0DB9C2B7-2DCB-4D54-A938-356703065295}.Release-Win64|x64.Build.0 = Release|Any CPU
		{0DB9C2B7-2DCB-4D54-A938-356703065295}.Release-Win64|x86.ActiveCfg = Release|Any CPU
		{0DB9C2B7-2DCB-4D54-A938-356703065295}.Release-Win64|x86.Build.0 = Release|Any CPU
	EndGlobalSection
	GlobalSection(SolutionProperties) = preSolution
		HideSolutionNode = FALSE
	EndGlobalSection
	GlobalSection(NestedProjects) = preSolution
		{410D6173-8C11-432F-B77F-6F9266FD8DB5} = {4780E152-BF64-4613-B948-E03F590C6DE8}
		{A26AFA8C-56C7-425B-B598-7CB4C89654C1} = {4780E152-BF64-4613-B948-E03F590C6DE8}
		{29806CAA-AADF-4518-A9D4-0FF47F7C78F4} = {4780E152-BF64-4613-B948-E03F590C6DE8}
		{4EAB53ED-BA4B-4182-BF9C-8D5E82C1074A} = {5BEB1D0A-3724-4641-913E-D3278028422B}
	EndGlobalSection
	GlobalSection(ExtensibilityGlobals) = postSolution
		SolutionGuid = {FD548642-880F-476D-87EA-33908F8C431B}
	EndGlobalSection
EndGlobal
